dependencies:
- name: users-api
  repository: file://../users-api/k8s
  version: 0.1.0
- name: notifications-api
  repository: file://../notifications-api/k8s
  version: 0.1.0
- name: catalog-api
  repository: file://../catalog-api/k8s
  version: 0.1.0
- name: orders-api
  repository: file://../orders-api/k8s
  version: 0.1.0
- name: payments-api
  repository: file://../payments-api/k8s
  version: 0.1.0
- name: platform-api
  repository: file://../platform-api/k8s
  version: 0.1.0
- name: frontend
  repository: file://../frontend/k8s
  version: 0.1.0
digest: sha256:b211e6754119fae67844e56be29738798a61ab489db19d50ead46ddfce4603b2
generated: "2026-09-12T22:56:51.834628273-03:00"
